
Microsoft Visual Studio Solution File, Format Version 12.00
# Visual Studio 15
VisualStudioVersion = 15.0.28010.2016
MinimumVisualStudioVersion = 10.0.40219.1
Project("{F2A71F9B-5D33-465A-A702-920D77279786}") = "Atarraya-Landing", "Atarraya-Landing.fsproj", "{47A0E0ED-885F-4010-93DE-8EF34FE15131}"
EndProject
Global
	GlobalSection(SolutionConfigurationPlatforms) = preSolution
		Debug|Any CPU = Debug|Any CPU
		Release|Any CPU = Release|Any CPU
	EndGlobalSection
	GlobalSection(ProjectConfigurationPlatforms) = postSolution
		{47A0E0ED-885F-4010-93DE-8EF34FE15131}.Debug|Any CPU.ActiveCfg = Debug|Any CPU
		{47A0E0ED-885F-4010-93DE-8EF34FE15131}.Debug|Any CPU.Build.0 = Debug|Any CPU
		{47A0E0ED-885F-4010-93DE-8EF34FE15131}.Release|Any CPU.ActiveCfg = Release|Any CPU
		{47A0E0ED-885F-4010-93DE-8EF34FE15131}.Release|Any CPU.Build.0 = Release|Any CPU
	EndGlobalSection
	GlobalSection(SolutionProperties) = preSolution
		HideSolutionNode = FALSE
	EndGlobalSection
	GlobalSection(ExtensibilityGlobals) = postSolution
		SolutionGuid = {60C80BBF-6384-4A0F-92CC-4FECAFF25CD1}
	EndGlobalSection
EndGlobal
